
Microsoft Visual Studio Solution File, Format Version 12.00
# Visual Studio Version 17
VisualStudioVersion = 17.13.35825.156 d17.13
MinimumVisualStudioVersion = 10.0.40219.1
Project("{FAE04EC0-301F-11D3-BF4B-00C04F79EFBC}") = "API_Login", "API_Login\API_Login.csproj", "{191BFF12-DE5C-47A2-AFF9-901B6CAB0194}"
EndProject
Global
	GlobalSection(SolutionConfigurationPlatforms) = preSolution
		Debug|Any CPU = Debug|Any CPU
		Release|Any CPU = Release|Any CPU
	EndGlobalSection
	GlobalSection(ProjectConfigurationPlatforms) = postSolution
		{191BFF12-DE5C-47A2-AFF9-901B6CAB0194}.Debug|Any CPU.ActiveCfg = Debug|Any CPU
		{191BFF12-DE5C-47A2-AFF9-901B6CAB0194}.Debug|Any CPU.Build.0 = Debug|Any CPU
		{191BFF12-DE5C-47A2-AFF9-901B6CAB0194}.Release|Any CPU.ActiveCfg = Release|Any CPU
		{191BFF12-DE5C-47A2-AFF9-901B6CAB0194}.Release|Any CPU.Build.0 = Release|Any CPU
	EndGlobalSection
	GlobalSection(SolutionProperties) = preSolution
		HideSolutionNode = FALSE
	EndGlobalSection
	GlobalSection(ExtensibilityGlobals) = postSolution
		SolutionGuid = {00C7C989-75B7-4584-81D2-2094B9D1B81B}
	EndGlobalSection
EndGlobal
